{
    "name": "server",
    "version": "1.0.0",
    "lockfileVersion": 3,
    "requires": true,
    "packages": {
        "": {
            "name": "server",
            "version": "1.0.0",
            "license": "ISC",
            "dependencies": {
                "hono": "^4.7.5",
                "zod": "^3.24.2"
            }
        },
        "node_modules/hono": {
            "version": "4.7.5",
            "resolved": "https://registry.npmjs.org/hono/-/hono-4.7.5.tgz",
            "integrity": "sha512-fDOK5W2C1vZACsgLONigdZTRZxuBqFtcKh7bUQ5cVSbwI2RWjloJDcgFOVzbQrlI6pCmhlTsVYZ7zpLj4m4qMQ==",
            "license": "MIT",
            "engines": {
                "node": ">=16.9.0"
            }
        },
        "node_modules/zod": {
            "version": "3.24.2",
            "resolved": "https://registry.npmjs.org/zod/-/zod-3.24.2.tgz",
            "integrity": "sha512-lY7CDW43ECgW9u1TcT3IoXHflywfVqDYze4waEz812jR/bZ8FHDsl7pFQoSZTz5N+2NqRXs8GBwnAwo3ZNxqhQ==",
            "license": "MIT",
            "funding": {
                "url": "https://github.com/sponsors/colinhacks"
            }
        }
    }
}
